
Microsoft Visual Studio Solution File, Format Version 12.00
# Visual Studio Version 17
VisualStudioVersion = 17.7.34031.279
MinimumVisualStudioVersion = 10.0.40219.1
Project("{FAE04EC0-301F-11D3-BF4B-00C04F79EFBC}") = "Setul2_14", "Setul2_14.csproj", "{18C2795D-7A8A-43AD-86DE-3E3217C567B3}"
EndProject
Global
	GlobalSection(SolutionConfigurationPlatforms) = preSolution
		Debug|Any CPU = Debug|Any CPU
		Release|Any CPU = Release|Any CPU
	EndGlobalSection
	GlobalSection(ProjectConfigurationPlatforms) = postSolution
		{18C2795D-7A8A-43AD-86DE-3E3217C567B3}.Debug|Any CPU.ActiveCfg = Debug|Any CPU
		{18C2795D-7A8A-43AD-86DE-3E3217C567B3}.Debug|Any CPU.Build.0 = Debug|Any CPU
		{18C2795D-7A8A-43AD-86DE-3E3217C567B3}.Release|Any CPU.ActiveCfg = Release|Any CPU
		{18C2795D-7A8A-43AD-86DE-3E3217C567B3}.Release|Any CPU.Build.0 = Release|Any CPU
	EndGlobalSection
	GlobalSection(SolutionProperties) = preSolution
		HideSolutionNode = FALSE
	EndGlobalSection
	GlobalSection(ExtensibilityGlobals) = postSolution
		SolutionGuid = {73EA50CE-3D49-4AFA-82F2-F0A863AB8234}
	EndGlobalSection
EndGlobal
