
Microsoft Visual Studio Solution File, Format Version 12.00
# Visual Studio Version 17
VisualStudioVersion = 17.7.34031.279
MinimumVisualStudioVersion = 10.0.40219.1
Project("{FAE04EC0-301F-11D3-BF4B-00C04F79EFBC}") = "Setul2_5", "Setul2_5.csproj", "{409E4B5F-CFB0-404A-B778-9053C4C847C5}"
EndProject
Global
	GlobalSection(SolutionConfigurationPlatforms) = preSolution
		Debug|Any CPU = Debug|Any CPU
		Release|Any CPU = Release|Any CPU
	EndGlobalSection
	GlobalSection(ProjectConfigurationPlatforms) = postSolution
		{409E4B5F-CFB0-404A-B778-9053C4C847C5}.Debug|Any CPU.ActiveCfg = Debug|Any CPU
		{409E4B5F-CFB0-404A-B778-9053C4C847C5}.Debug|Any CPU.Build.0 = Debug|Any CPU
		{409E4B5F-CFB0-404A-B778-9053C4C847C5}.Release|Any CPU.ActiveCfg = Release|Any CPU
		{409E4B5F-CFB0-404A-B778-9053C4C847C5}.Release|Any CPU.Build.0 = Release|Any CPU
	EndGlobalSection
	GlobalSection(SolutionProperties) = preSolution
		HideSolutionNode = FALSE
	EndGlobalSection
	GlobalSection(ExtensibilityGlobals) = postSolution
		SolutionGuid = {DDEB025F-64AF-4178-966F-A3B62A139A78}
	EndGlobalSection
EndGlobal
